
Microsoft Visual Studio Solution File, Format Version 12.00
# Visual Studio Version 16
VisualStudioVersion = 16.0.29215.179
MinimumVisualStudioVersion = 10.0.40219.1
Project("{FAE04EC0-301F-11D3-BF4B-00C04F79EFBC}") = "Moonglade.Notification.API", "Moonglade.Notification.API\Moonglade.Notification.API.csproj", "{622268F6-291C-4B79-988A-A83464CDA820}"
EndProject
Project("{FAE04EC0-301F-11D3-BF4B-00C04F79EFBC}") = "Moonglade.Notification.Core", "Moonglade.Notification.Core\Moonglade.Notification.Core.csproj", "{73DD1EC7-153F-4022-933B-B2FCC7344FE2}"
EndProject
Global
	GlobalSection(SolutionConfigurationPlatforms) = preSolution
		Debug|Any CPU = Debug|Any CPU
		Release|Any CPU = Release|Any CPU
	EndGlobalSection
	GlobalSection(ProjectConfigurationPlatforms) = postSolution
		{622268F6-291C-4B79-988A-A83464CDA820}.Debug|Any CPU.ActiveCfg = Debug|Any CPU
		{622268F6-291C-4B79-988A-A83464CDA820}.Debug|Any CPU.Build.0 = Debug|Any CPU
		{622268F6-291C-4B79-988A-A83464CDA820}.Release|Any CPU.ActiveCfg = Release|Any CPU
		{622268F6-291C-4B79-988A-A83464CDA820}.Release|Any CPU.Build.0 = Release|Any CPU
		{73DD1EC7-153F-4022-933B-B2FCC7344FE2}.Debug|Any CPU.ActiveCfg = Debug|Any CPU
		{73DD1EC7-153F-4022-933B-B2FCC7344FE2}.Debug|Any CPU.Build.0 = Debug|Any CPU
		{73DD1EC7-153F-4022-933B-B2FCC7344FE2}.Release|Any CPU.ActiveCfg = Release|Any CPU
		{73DD1EC7-153F-4022-933B-B2FCC7344FE2}.Release|Any CPU.Build.0 = Release|Any CPU
	EndGlobalSection
	GlobalSection(SolutionProperties) = preSolution
		HideSolutionNode = FALSE
	EndGlobalSection
	GlobalSection(ExtensibilityGlobals) = postSolution
		SolutionGuid = {622CEDD5-AF01-47F5-803E-4CC3218B5258}
	EndGlobalSection
EndGlobal
